Microsoft Visual Studio Solution File, Format Version 12.00
# Visual Studio Version 17
VisualStudioVersion = 17.5.2.0
MinimumVisualStudioVersion = 10.0.40219.1
Project("{FAE04EC0-301F-11D3-BF4B-00C04F79EFBC}") = "advant_calendar-2025", "advant_calendar-2025.csproj", "{56D66DAC-0C50-682D-A23C-A4DF9ED4BD07}"
EndProject
Global
	GlobalSection(SolutionConfigurationPlatforms) = preSolution
		Debug|Any CPU = Debug|Any CPU
		Release|Any CPU = Release|Any CPU
	EndGlobalSection
	GlobalSection(ProjectConfigurationPlatforms) = postSolution
		{56D66DAC-0C50-682D-A23C-A4DF9ED4BD07}.Debug|Any CPU.ActiveCfg = Debug|Any CPU
		{56D66DAC-0C50-682D-A23C-A4DF9ED4BD07}.Debug|Any CPU.Build.0 = Debug|Any CPU
		{56D66DAC-0C50-682D-A23C-A4DF9ED4BD07}.Release|Any CPU.ActiveCfg = Release|Any CPU
		{56D66DAC-0C50-682D-A23C-A4DF9ED4BD07}.Release|Any CPU.Build.0 = Release|Any CPU
	EndGlobalSection
	GlobalSection(SolutionProperties) = preSolution
		HideSolutionNode = FALSE
	EndGlobalSection
	GlobalSection(ExtensibilityGlobals) = postSolution
		SolutionGuid = {D525FB94-84B1-4126-8D80-4DD19360E999}
	EndGlobalSection
EndGlobal
